
Microsoft Visual Studio Solution File, Format Version 12.00
# Visual Studio Version 17
VisualStudioVersion = 17.1.31903.286
MinimumVisualStudioVersion = 10.0.40219.1
Project("{FAE04EC0-301F-11D3-BF4B-00C04F79EFBC}") = "7 paskaita uzduotis", "7 paskaita uzduotis\7 paskaita uzduotis.csproj", "{549C02B1-7C01-4FFA-86A5-77CACD5AF246}"
EndProject
Global
	GlobalSection(SolutionConfigurationPlatforms) = preSolution
		Debug|Any CPU = Debug|Any CPU
		Release|Any CPU = Release|Any CPU
	EndGlobalSection
	GlobalSection(ProjectConfigurationPlatforms) = postSolution
		{549C02B1-7C01-4FFA-86A5-77CACD5AF246}.Debug|Any CPU.ActiveCfg = Debug|Any CPU
		{549C02B1-7C01-4FFA-86A5-77CACD5AF246}.Debug|Any CPU.Build.0 = Debug|Any CPU
		{549C02B1-7C01-4FFA-86A5-77CACD5AF246}.Release|Any CPU.ActiveCfg = Release|Any CPU
		{549C02B1-7C01-4FFA-86A5-77CACD5AF246}.Release|Any CPU.Build.0 = Release|Any CPU
	EndGlobalSection
	GlobalSection(SolutionProperties) = preSolution
		HideSolutionNode = FALSE
	EndGlobalSection
	GlobalSection(ExtensibilityGlobals) = postSolution
		SolutionGuid = {F3D6C1DC-248F-4301-B407-F55FFB3F7811}
	EndGlobalSection
EndGlobal
